
Microsoft Visual Studio Solution File, Format Version 10.00
# Visual C++ Express 2008
Project("{8BC9CEB8-8B4A-11D0-8D11-00A0C91BC942}") = "Geometric Objects", "Geometric Objects.vcproj", "{AD56F81B-5C75-4886-80A8-954C81A5598A}"
EndProject
Global
	GlobalSection(SolutionConfigurationPlatforms) = preSolution
		Debug|Win32 = Debug|Win32
		Release|Win32 = Release|Win32
	EndGlobalSection
	GlobalSection(ProjectConfigurationPlatforms) = postSolution
		{AD56F81B-5C75-4886-80A8-954C81A5598A}.Debug|Win32.ActiveCfg = Debug|Win32
		{AD56F81B-5C75-4886-80A8-954C81A5598A}.Debug|Win32.Build.0 = Debug|Win32
		{AD56F81B-5C75-4886-80A8-954C81A5598A}.Release|Win32.ActiveCfg = Release|Win32
		{AD56F81B-5C75-4886-80A8-954C81A5598A}.Release|Win32.Build.0 = Release|Win32
	EndGlobalSection
	GlobalSection(SolutionProperties) = preSolution
		HideSolutionNode = FALSE
	EndGlobalSection
EndGlobal
